// !$*UTF8*$!
{
	archiveVersion = 1;
	classes = {
	};
	objectVersion = 46;
	objects = {

/* Begin PBXBuildFile section */
		691749B123F64239AE6EF200 /* libPods-nbkr-iosTests.a in Frameworks */ = {isa = PBXBuildFile; fileRef = 37E7F3DD04D441B48CCA2C69 /* libPods-nbkr-iosTests.a */; };
		A89602339212483C872FF007 /* libPods-nbkr-ios.a in Frameworks */ = {isa = PBXBuildFile; fileRef = 7CD8B2F6082341F2A34B044C /* libPods-nbkr-ios.a */; };
		EE021F9A185CEA8E0029F665 /* daily_valid_currencies.xml in Resources */ = {isa = PBXBuildFile; fileRef = EE021F98185CEA8E0029F665 /* daily_valid_currencies.xml */; };
		EE021F9B185CEA8E0029F665 /* weekly_valid_currencies.xml in Resources */ = {isa = PBXBuildFile; fileRef = EE021F99185CEA8E0029F665 /* weekly_valid_currencies.xml */; };
		EE5B36F4185CB67C00B3045A /* Foundation.framework in Frameworks */ = {isa = PBXBuildFile; fileRef = EE5B36F3185CB67C00B3045A /* Foundation.framework */; };
		EE5B36F6185CB67C00B3045A /* CoreGraphics.framework in Frameworks */ = {isa = PBXBuildFile; fileRef = EE5B36F5185CB67C00B3045A /* CoreGraphics.framework */; };
		EE5B36F8185CB67C00B3045A /* UIKit.framework in Frameworks */ = {isa = PBXBuildFile; fileRef = EE5B36F7185CB67C00B3045A /* UIKit.framework */; };
		EE5B36FE185CB67C00B3045A /* InfoPlist.strings in Resources */ = {isa = PBXBuildFile; fileRef = EE5B36FC185CB67C00B3045A /* InfoPlist.strings */; };
		EE5B3700185CB67C00B3045A /* main.m in Sources */ = {isa = PBXBuildFile; fileRef = EE5B36FF185CB67C00B3045A /* main.m */; };
		EE5B3704185CB67C00B3045A /* AppDelegate.m in Sources */ = {isa = PBXBuildFile; fileRef = EE5B3703185CB67C00B3045A /* AppDelegate.m */; };
		EE5B3707185CB67C00B3045A /* Main.storyboard in Resources */ = {isa = PBXBuildFile; fileRef = EE5B3705185CB67C00B3045A /* Main.storyboard */; };
		EE5B370A185CB67C00B3045A /* DailyRatesViewController.m in Sources */ = {isa = PBXBuildFile; fileRef = EE5B3709185CB67C00B3045A /* DailyRatesViewController.m */; };
		EE5B370C185CB67C00B3045A /* Images.xcassets in Resources */ = {isa = PBXBuildFile; fileRef = EE5B370B185CB67C00B3045A /* Images.xcassets */; };
		EE5B3713185CB67C00B3045A /* XCTest.framework in Frameworks */ = {isa = PBXBuildFile; fileRef = EE5B3712185CB67C00B3045A /* XCTest.framework */; };
		EE5B3714185CB67C00B3045A /* Foundation.framework in Frameworks */ = {isa = PBXBuildFile; fileRef = EE5B36F3185CB67C00B3045A /* Foundation.framework */; };
		EE5B3715185CB67C00B3045A /* UIKit.framework in Frameworks */ = {isa = PBXBuildFile; fileRef = EE5B36F7185CB67C00B3045A /* UIKit.framework */; };
		EE5B371D185CB67C00B3045A /* InfoPlist.strings in Resources */ = {isa = PBXBuildFile; fileRef = EE5B371B185CB67C00B3045A /* InfoPlist.strings */; };
		EE5B371F185CB67C00B3045A /* NBKRSpec.m in Sources */ = {isa = PBXBuildFile; fileRef = EE5B371E185CB67C00B3045A /* NBKRSpec.m */; };
		EE84D73E18D0A30D00DE8226 /* NBKRXMLParserSpec.m in Sources */ = {isa = PBXBuildFile; fileRef = EE84D73D18D0A30D00DE8226 /* NBKRXMLParserSpec.m */; };
/* End PBXBuildFile section */

/* Begin PBXContainerItemProxy section */
		EE5B3716185CB67C00B3045A /* PBXContainerItemProxy */ = {
			isa = PBXContainerItemProxy;
			containerPortal = EE5B36E8185CB67C00B3045A /* Project object */;
			proxyType = 1;
			remoteGlobalIDString = EE5B36EF185CB67C00B3045A;
			remoteInfo = "nbkr-ios";
		};
/* End PBXContainerItemProxy section */

/* Begin PBXFileReference section */
		2AC24D2D431D4A11B243E1B1 /* Pods-nbkr-ios.xcconfig */ = {isa = PBXFileReference; includeInIndex = 1; lastKnownFileType = text.xcconfig; name = "Pods-nbkr-ios.xcconfig"; path = "Pods/Pods-nbkr-ios.xcconfig"; sourceTree = "<group>"; };
		37E7F3DD04D441B48CCA2C69 /* libPods-nbkr-iosTests.a */ = {isa = PBXFileReference; explicitFileType = archive.ar; includeInIndex = 0; path = "libPods-nbkr-iosTests.a"; sourceTree = BUILT_PRODUCTS_DIR; };
		547BEEE406174DBD855B1E8A /* Pods-nbkr-iosTests.xcconfig */ = {isa = PBXFileReference; includeInIndex = 1; lastKnownFileType = text.xcconfig; name = "Pods-nbkr-iosTests.xcconfig"; path = "Pods/Pods-nbkr-iosTests.xcconfig"; sourceTree = "<group>"; };
		7CD8B2F6082341F2A34B044C /* libPods-nbkr-ios.a */ = {isa = PBXFileReference; explicitFileType = archive.ar; includeInIndex = 0; path = "libPods-nbkr-ios.a"; sourceTree = BUILT_PRODUCTS_DIR; };
		EE021F98185CEA8E0029F665 /* daily_valid_currencies.xml */ = {isa = PBXFileReference; fileEncoding = 4; lastKnownFileType = text.xml; name = daily_valid_currencies.xml; path = "nbkr-ios/testing/daily_valid_currencies.xml"; sourceTree = SOURCE_ROOT; };
		EE021F99185CEA8E0029F665 /* weekly_valid_currencies.xml */ = {isa = PBXFileReference; fileEncoding = 4; lastKnownFileType = text.xml; name = weekly_valid_currencies.xml; path = "nbkr-ios/testing/weekly_valid_currencies.xml"; sourceTree = SOURCE_ROOT; };
		EE5B36F0185CB67C00B3045A /* nbkr-ios.app */ = {isa = PBXFileReference; explicitFileType = wrapper.application; includeInIndex = 0; path = "nbkr-ios.app"; sourceTree = BUILT_PRODUCTS_DIR; };
		EE5B36F3185CB67C00B3045A /* Foundation.framework */ = {isa = PBXFileReference; lastKnownFileType = wrapper.framework; name = Foundation.framework; path = System/Library/Frameworks/Foundation.framework; sourceTree = SDKROOT; };
		EE5B36F5185CB67C00B3045A /* CoreGraphics.framework */ = {isa = PBXFileReference; lastKnownFileType = wrapper.framework; name = CoreGraphics.framework; path = System/Library/Frameworks/CoreGraphics.framework; sourceTree = SDKROOT; };
		EE5B36F7185CB67C00B3045A /* UIKit.framework */ = {isa = PBXFileReference; lastKnownFileType = wrapper.framework; name = UIKit.framework; path = System/Library/Frameworks/UIKit.framework; sourceTree = SDKROOT; };
		EE5B36FB185CB67C00B3045A /* nbkr-ios-Info.plist */ = {isa = PBXFileReference; lastKnownFileType = text.plist.xml; path = "nbkr-ios-Info.plist"; sourceTree = "<group>"; };
		EE5B36FD185CB67C00B3045A /* en */ = {isa = PBXFileReference; lastKnownFileType = text.plist.strings; name = en; path = en.lproj/InfoPlist.strings; sourceTree = "<group>"; };
		EE5B36FF185CB67C00B3045A /* main.m */ = {isa = PBXFileReference; lastKnownFileType = sourcecode.c.objc; path = main.m; sourceTree = "<group>"; };
		EE5B3701185CB67C00B3045A /* nbkr-ios-Prefix.pch */ = {isa = PBXFileReference; lastKnownFileType = sourcecode.c.h; path = "nbkr-ios-Prefix.pch"; sourceTree = "<group>"; };
		EE5B3702185CB67C00B3045A /* AppDelegate.h */ = {isa = PBXFileReference; lastKnownFileType = sourcecode.c.h; path = AppDelegate.h; sourceTree = "<group>"; };
		EE5B3703185CB67C00B3045A /* AppDelegate.m */ = {isa = PBXFileReference; lastKnownFileType = sourcecode.c.objc; path = AppDelegate.m; sourceTree = "<group>"; };
		EE5B3706185CB67C00B3045A /* Base */ = {isa = PBXFileReference; lastKnownFileType = file.storyboard; name = Base; path = Base.lproj/Main.storyboard; sourceTree = "<group>"; };
		EE5B3708185CB67C00B3045A /* DailyRatesViewController.h */ = {isa = PBXFileReference; lastKnownFileType = sourcecode.c.h; path = DailyRatesViewController.h; sourceTree = "<group>"; };
		EE5B3709185CB67C00B3045A /* DailyRatesViewController.m */ = {isa = PBXFileReference; lastKnownFileType = sourcecode.c.objc; path = DailyRatesViewController.m; sourceTree = "<group>"; };
		EE5B370B185CB67C00B3045A /* Images.xcassets */ = {isa = PBXFileReference; lastKnownFileType = folder.assetcatalog; path = Images.xcassets; sourceTree = "<group>"; };
		EE5B3711185CB67C00B3045A /* nbkr-iosTests.xctest */ = {isa = PBXFileReference; explicitFileType = wrapper.cfbundle; includeInIndex = 0; path = "nbkr-iosTests.xctest"; sourceTree = BUILT_PRODUCTS_DIR; };
		EE5B3712185CB67C00B3045A /* XCTest.framework */ = {isa = PBXFileReference; lastKnownFileType = wrapper.framework; name = XCTest.framework; path = Library/Frameworks/XCTest.framework; sourceTree = DEVELOPER_DIR; };
		EE5B371A185CB67C00B3045A /* nbkr-iosTests-Info.plist */ = {isa = PBXFileReference; lastKnownFileType = text.plist.xml; path = "nbkr-iosTests-Info.plist"; sourceTree = "<group>"; };
		EE5B371C185CB67C00B3045A /* en */ = {isa = PBXFileReference; lastKnownFileType = text.plist.strings; name = en; path = en.lproj/InfoPlist.strings; sourceTree = "<group>"; };
		EE5B371E185CB67C00B3045A /* NBKRSpec.m */ = {isa = PBXFileReference; lastKnownFileType = sourcecode.c.objc; path = NBKRSpec.m; sourceTree = "<group>"; };
		EE84D73D18D0A30D00DE8226 /* NBKRXMLParserSpec.m */ = {isa = PBXFileReference; fileEncoding = 4; lastKnownFileType = sourcecode.c.objc; path = NBKRXMLParserSpec.m; sourceTree = "<group>"; };
/* End PBXFileReference section */

/* Begin PBXFrameworksBuildPhase section */
		EE5B36ED185CB67C00B3045A /* Frameworks */ = {
			isa = PBXFrameworksBuildPhase;
			buildActionMask = 2147483647;
			files = (
				EE5B36F6185CB67C00B3045A /* CoreGraphics.framework in Frameworks */,
				EE5B36F8185CB67C00B3045A /* UIKit.framework in Frameworks */,
				EE5B36F4185CB67C00B3045A /* Foundation.framework in Frameworks */,
				A89602339212483C872FF007 /* libPods-nbkr-ios.a in Frameworks */,
			);
			runOnlyForDeploymentPostprocessing = 0;
		};
		EE5B370E185CB67C00B3045A /* Frameworks */ = {
			isa = PBXFrameworksBuildPhase;
			buildActionMask = 2147483647;
			files = (
				EE5B3713185CB67C00B3045A /* XCTest.framework in Frameworks */,
				EE5B3715185CB67C00B3045A /* UIKit.framework in Frameworks */,
				EE5B3714185CB67C00B3045A /* Foundation.framework in Frameworks */,
				691749B123F64239AE6EF200 /* libPods-nbkr-iosTests.a in Frameworks */,
			);
			runOnlyForDeploymentPostprocessing = 0;
		};
/* End PBXFrameworksBuildPhase section */

/* Begin PBXGroup section */
		EE5B36E7185CB67C00B3045A = {
			isa = PBXGroup;
			children = (
				EE5B36F9185CB67C00B3045A /* nbkr-ios */,
				EE5B3718185CB67C00B3045A /* nbkr-iosTests */,
				EE5B36F2185CB67C00B3045A /* Frameworks */,
				EE5B36F1185CB67C00B3045A /* Products */,
				547BEEE406174DBD855B1E8A /* Pods-nbkr-iosTests.xcconfig */,
				2AC24D2D431D4A11B243E1B1 /* Pods-nbkr-ios.xcconfig */,
			);
			sourceTree = "<group>";
		};
		EE5B36F1185CB67C00B3045A /* Products */ = {
			isa = PBXGroup;
			children = (
				EE5B36F0185CB67C00B3045A /* nbkr-ios.app */,
				EE5B3711185CB67C00B3045A /* nbkr-iosTests.xctest */,
			);
			name = Products;
			sourceTree = "<group>";
		};
		EE5B36F2185CB67C00B3045A /* Frameworks */ = {
			isa = PBXGroup;
			children = (
				EE5B36F3185CB67C00B3045A /* Foundation.framework */,
				EE5B36F5185CB67C00B3045A /* CoreGraphics.framework */,
				EE5B36F7185CB67C00B3045A /* UIKit.framework */,
				EE5B3712185CB67C00B3045A /* XCTest.framework */,
				37E7F3DD04D441B48CCA2C69 /* libPods-nbkr-iosTests.a */,
				7CD8B2F6082341F2A34B044C /* libPods-nbkr-ios.a */,
			);
			name = Frameworks;
			sourceTree = "<group>";
		};
		EE5B36F9185CB67C00B3045A /* nbkr-ios */ = {
			isa = PBXGroup;
			children = (
				EE5B3702185CB67C00B3045A /* AppDelegate.h */,
				EE5B3703185CB67C00B3045A /* AppDelegate.m */,
				EE5B3705185CB67C00B3045A /* Main.storyboard */,
				EE5B3708185CB67C00B3045A /* DailyRatesViewController.h */,
				EE5B3709185CB67C00B3045A /* DailyRatesViewController.m */,
				EE5B370B185CB67C00B3045A /* Images.xcassets */,
				EE5B36FA185CB67C00B3045A /* Supporting Files */,
			);
			path = "nbkr-ios";
			sourceTree = "<group>";
		};
		EE5B36FA185CB67C00B3045A /* Supporting Files */ = {
			isa = PBXGroup;
			children = (
				EE5B36FB185CB67C00B3045A /* nbkr-ios-Info.plist */,
				EE5B36FC185CB67C00B3045A /* InfoPlist.strings */,
				EE5B36FF185CB67C00B3045A /* main.m */,
				EE5B3701185CB67C00B3045A /* nbkr-ios-Prefix.pch */,
			);
			name = "Supporting Files";
			sourceTree = "<group>";
		};
		EE5B3718185CB67C00B3045A /* nbkr-iosTests */ = {
			isa = PBXGroup;
			children = (
				EE5B371E185CB67C00B3045A /* NBKRSpec.m */,
				EE84D73D18D0A30D00DE8226 /* NBKRXMLParserSpec.m */,
				EE5B3719185CB67C00B3045A /* Supporting Files */,
			);
			path = "nbkr-iosTests";
			sourceTree = "<group>";
		};
		EE5B3719185CB67C00B3045A /* Supporting Files */ = {
			isa = PBXGroup;
			children = (
				EE021F98185CEA8E0029F665 /* daily_valid_currencies.xml */,
				EE021F99185CEA8E0029F665 /* weekly_valid_currencies.xml */,
				EE5B371A185CB67C00B3045A /* nbkr-iosTests-Info.plist */,
				EE5B371B185CB67C00B3045A /* InfoPlist.strings */,
			);
			name = "Supporting Files";
			sourceTree = "<group>";
		};
/* End PBXGroup section */

/* Begin PBXNativeTarget section */
		EE5B36EF185CB67C00B3045A /* nbkr-ios */ = {
			isa = PBXNativeTarget;
			buildConfigurationList = EE5B3722185CB67C00B3045A /* Build configuration list for PBXNativeTarget "nbkr-ios" */;
			buildPhases = (
				86877EA902B3448984943417 /* Check Pods Manifest.lock */,
				EE5B36EC185CB67C00B3045A /* Sources */,
				EE5B36ED185CB67C00B3045A /* Frameworks */,
				EE5B36EE185CB67C00B3045A /* Resources */,
				49A9005DACFE402C8D7D9889 /* Copy Pods Resources */,
			);
			buildRules = (
			);
			dependencies = (
			);
			name = "nbkr-ios";
			productName = "nbkr-ios";
			productReference = EE5B36F0185CB67C00B3045A /* nbkr-ios.app */;
			productType = "com.apple.product-type.application";
		};
		EE5B3710185CB67C00B3045A /* nbkr-iosTests */ = {
			isa = PBXNativeTarget;
			buildConfigurationList = EE5B3725185CB67C00B3045A /* Build configuration list for PBXNativeTarget "nbkr-iosTests" */;
			buildPhases = (
				E1C405E13C324B95A46E1ACB /* Check Pods Manifest.lock */,
				EE5B370D185CB67C00B3045A /* Sources */,
				EE5B370E185CB67C00B3045A /* Frameworks */,
				EE5B370F185CB67C00B3045A /* Resources */,
				5939B29501E040D18FC11D9B /* Copy Pods Resources */,
			);
			buildRules = (
			);
			dependencies = (
				EE5B3717185CB67C00B3045A /* PBXTargetDependency */,
			);
			name = "nbkr-iosTests";
			productName = "nbkr-iosTests";
			productReference = EE5B3711185CB67C00B3045A /* nbkr-iosTests.xctest */;
			productType = "com.apple.product-type.bundle.unit-test";
		};
/* End PBXNativeTarget section */

/* Begin PBXProject section */
		EE5B36E8185CB67C00B3045A /* Project object */ = {
			isa = PBXProject;
			attributes = {
				LastUpgradeCheck = 0500;
				ORGANIZATIONNAME = "Kalys Osmonov";
				TargetAttributes = {
					EE5B3710185CB67C00B3045A = {
						TestTargetID = EE5B36EF185CB67C00B3045A;
					};
				};
			};
			buildConfigurationList = EE5B36EB185CB67C00B3045A /* Build configuration list for PBXProject "nbkr-ios" */;
			compatibilityVersion = "Xcode 3.2";
			developmentRegion = English;
			hasScannedForEncodings = 0;
			knownRegions = (
				en,
				Base,
			);
			mainGroup = EE5B36E7185CB67C00B3045A;
			productRefGroup = EE5B36F1185CB67C00B3045A /* Products */;
			projectDirPath = "";
			projectRoot = "";
			targets = (
				EE5B36EF185CB67C00B3045A /* nbkr-ios */,
				EE5B3710185CB67C00B3045A /* nbkr-iosTests */,
			);
		};
/* End PBXProject section */

/* Begin PBXResourcesBuildPhase section */
		EE5B36EE185CB67C00B3045A /* Resources */ = {
			isa = PBXResourcesBuildPhase;
			buildActionMask = 2147483647;
			files = (
				EE5B370C185CB67C00B3045A /* Images.xcassets in Resources */,
				EE5B36FE185CB67C00B3045A /* InfoPlist.strings in Resources */,
				EE5B3707185CB67C00B3045A /* Main.storyboard in Resources */,
			);
			runOnlyForDeploymentPostprocessing = 0;
		};
		EE5B370F185CB67C00B3045A /* Resources */ = {
			isa = PBXResourcesBuildPhase;
			buildActionMask = 2147483647;
			files = (
				EE021F9B185CEA8E0029F665 /* weekly_valid_currencies.xml in Resources */,
				EE5B371D185CB67C00B3045A /* InfoPlist.strings in Resources */,
				EE021F9A185CEA8E0029F665 /* daily_valid_currencies.xml in Resources */,
			);
			runOnlyForDeploymentPostprocessing = 0;
		};
/* End PBXResourcesBuildPhase section */

/* Begin PBXShellScriptBuildPhase section */
		49A9005DACFE402C8D7D9889 /* Copy Pods Resources */ = {
			isa = PBXShellScriptBuildPhase;
			buildActionMask = 2147483647;
			files = (
			);
			inputPaths = (
			);
			name = "Copy Pods Resources";
			outputPaths = (
			);
			runOnlyForDeploymentPostprocessing = 0;
			shellPath = /bin/sh;
			shellScript = "\"${SRCROOT}/Pods/Pods-nbkr-ios-resources.sh\"\n";
			showEnvVarsInLog = 0;
		};
		5939B29501E040D18FC11D9B /* Copy Pods Resources */ = {
			isa = PBXShellScriptBuildPhase;
			buildActionMask = 2147483647;
			files = (
			);
			inputPaths = (
			);
			name = "Copy Pods Resources";
			outputPaths = (
			);
			runOnlyForDeploymentPostprocessing = 0;
			shellPath = /bin/sh;
			shellScript = "\"${SRCROOT}/Pods/Pods-nbkr-iosTests-resources.sh\"\n";
			showEnvVarsInLog = 0;
		};
		86877EA902B3448984943417 /* Check Pods Manifest.lock */ = {
			isa = PBXShellScriptBuildPhase;
			buildActionMask = 2147483647;
			files = (
			);
			inputPaths = (
			);
			name = "Check Pods Manifest.lock";
			outputPaths = (
			);
			runOnlyForDeploymentPostprocessing = 0;
			shellPath = /bin/sh;
			shellScript = "diff \"${PODS_ROOT}/../Podfile.lock\" \"${PODS_ROOT}/Manifest.lock\" > /dev/null\nif [[ $? != 0 ]] ; then\n    cat << EOM\nerror: The sandbox is not in sync with the Podfile.lock. Run 'pod install' or update your CocoaPods installation.\nEOM\n    exit 1\nfi\n";
			showEnvVarsInLog = 0;
		};
		E1C405E13C324B95A46E1ACB /* Check Pods Manifest.lock */ = {
			isa = PBXShellScriptBuildPhase;
			buildActionMask = 2147483647;
			files = (
			);
			inputPaths = (
			);
			name = "Check Pods Manifest.lock";
			outputPaths = (
			);
			runOnlyForDeploymentPostprocessing = 0;
			shellPath = /bin/sh;
			shellScript = "diff \"${PODS_ROOT}/../Podfile.lock\" \"${PODS_ROOT}/Manifest.lock\" > /dev/null\nif [[ $? != 0 ]] ; then\n    cat << EOM\nerror: The sandbox is not in sync with the Podfile.lock. Run 'pod install' or update your CocoaPods installation.\nEOM\n    exit 1\nfi\n";
			showEnvVarsInLog = 0;
		};
/* End PBXShellScriptBuildPhase section */

/* Begin PBXSourcesBuildPhase section */
		EE5B36EC185CB67C00B3045A /* Sources */ = {
			isa = PBXSourcesBuildPhase;
			buildActionMask = 2147483647;
			files = (
				EE5B370A185CB67C00B3045A /* DailyRatesViewController.m in Sources */,
				EE5B3704185CB67C00B3045A /* AppDelegate.m in Sources */,
				EE5B3700185CB67C00B3045A /* main.m in Sources */,
			);
			runOnlyForDeploymentPostprocessing = 0;
		};
		EE5B370D185CB67C00B3045A /* Sources */ = {
			isa = PBXSourcesBuildPhase;
			buildActionMask = 2147483647;
			files = (
				EE84D73E18D0A30D00DE8226 /* NBKRXMLParserSpec.m in Sources */,
				EE5B371F185CB67C00B3045A /* NBKRSpec.m in Sources */,
			);
			runOnlyForDeploymentPostprocessing = 0;
		};
/* End PBXSourcesBuildPhase section */

/* Begin PBXTargetDependency section */
		EE5B3717185CB67C00B3045A /* PBXTargetDependency */ = {
			isa = PBXTargetDependency;
			target = EE5B36EF185CB67C00B3045A /* nbkr-ios */;
			targetProxy = EE5B3716185CB67C00B3045A /* PBXContainerItemProxy */;
		};
/* End PBXTargetDependency section */

/* Begin PBXVariantGroup section */
		EE5B36FC185CB67C00B3045A /* InfoPlist.strings */ = {
			isa = PBXVariantGroup;
			children = (
				EE5B36FD185CB67C00B3045A /* en */,
			);
			name = InfoPlist.strings;
			sourceTree = "<group>";
		};
		EE5B3705185CB67C00B3045A /* Main.storyboard */ = {
			isa = PBXVariantGroup;
			children = (
				EE5B3706185CB67C00B3045A /* Base */,
			);
			name = Main.storyboard;
			sourceTree = "<group>";
		};
		EE5B371B185CB67C00B3045A /* InfoPlist.strings */ = {
			isa = PBXVariantGroup;
			children = (
				EE5B371C185CB67C00B3045A /* en */,
			);
			name = InfoPlist.strings;
			sourceTree = "<group>";
		};
/* End PBXVariantGroup section */

/* Begin XCBuildConfiguration section */
		EE5B3720185CB67C00B3045A /* Debug */ = {
			isa = XCBuildConfiguration;
			buildSettings = {
				ALWAYS_SEARCH_USER_PATHS = NO;
				ARCHS = "$(ARCHS_STANDARD_INCLUDING_64_BIT)";
				CLANG_CXX_LANGUAGE_STANDARD = "gnu++0x";
				CLANG_CXX_LIBRARY = "libc++";
				CLANG_ENABLE_MODULES = YES;
				CLANG_ENABLE_OBJC_ARC = YES;
				CLANG_WARN_BOOL_CONVERSION = YES;
				CLANG_WARN_CONSTANT_CONVERSION = YES;
				CLANG_WARN_DIRECT_OBJC_ISA_USAGE = YES_ERROR;
				CLANG_WARN_EMPTY_BODY = YES;
				CLANG_WARN_ENUM_CONVERSION = YES;
				CLANG_WARN_INT_CONVERSION = YES;
				CLANG_WARN_OBJC_ROOT_CLASS = YES_ERROR;
				CLANG_WARN__DUPLICATE_METHOD_MATCH = YES;
				"CODE_SIGN_IDENTITY[sdk=iphoneos*]" = "iPhone Developer";
				COPY_PHASE_STRIP = NO;
				GCC_C_LANGUAGE_STANDARD = gnu99;
				GCC_DYNAMIC_NO_PIC = NO;
				GCC_OPTIMIZATION_LEVEL = 0;
				GCC_PREPROCESSOR_DEFINITIONS = (
					"DEBUG=1",
					"$(inherited)",
				);
				GCC_SYMBOLS_PRIVATE_EXTERN = NO;
				GCC_WARN_64_TO_32_BIT_CONVERSION = YES;
				GCC_WARN_ABOUT_RETURN_TYPE = YES_ERROR;
				GCC_WARN_UNDECLARED_SELECTOR = YES;
				GCC_WARN_UNINITIALIZED_AUTOS = YES;
				GCC_WARN_UNUSED_FUNCTION = YES;
				GCC_WARN_UNUSED_VARIABLE = YES;
				IPHONEOS_DEPLOYMENT_TARGET = 7.0;
				ONLY_ACTIVE_ARCH = YES;
				SDKROOT = iphoneos;
			};
			name = Debug;
		};
		EE5B3721185CB67C00B3045A /* Release */ = {
			isa = XCBuildConfiguration;
			buildSettings = {
				ALWAYS_SEARCH_USER_PATHS = NO;
				ARCHS = "$(ARCHS_STANDARD_INCLUDING_64_BIT)";
				CLANG_CXX_LANGUAGE_STANDARD = "gnu++0x";
				CLANG_CXX_LIBRARY = "libc++";
				CLANG_ENABLE_MODULES = YES;
				CLANG_ENABLE_OBJC_ARC = YES;
				CLANG_WARN_BOOL_CONVERSION = YES;
				CLANG_WARN_CONSTANT_CONVERSION = YES;
				CLANG_WARN_DIRECT_OBJC_ISA_USAGE = YES_ERROR;
				CLANG_WARN_EMPTY_BODY = YES;
				CLANG_WARN_ENUM_CONVERSION = YES;
				CLANG_WARN_INT_CONVERSION = YES;
				CLANG_WARN_OBJC_ROOT_CLASS = YES_ERROR;
				CLANG_WARN__DUPLICATE_METHOD_MATCH = YES;
				"CODE_SIGN_IDENTITY[sdk=iphoneos*]" = "iPhone Developer";
				COPY_PHASE_STRIP = YES;
				ENABLE_NS_ASSERTIONS = NO;
				GCC_C_LANGUAGE_STANDARD = gnu99;
				GCC_WARN_64_TO_32_BIT_CONVERSION = YES;
				GCC_WARN_ABOUT_RETURN_TYPE = YES_ERROR;
				GCC_WARN_UNDECLARED_SELECTOR = YES;
				GCC_WARN_UNINITIALIZED_AUTOS = YES;
				GCC_WARN_UNUSED_FUNCTION = YES;
				GCC_WARN_UNUSED_VARIABLE = YES;
				IPHONEOS_DEPLOYMENT_TARGET = 7.0;
				SDKROOT = iphoneos;
				VALIDATE_PRODUCT = YES;
			};
			name = Release;
		};
		EE5B3723185CB67C00B3045A /* Debug */ = {
			isa = XCBuildConfiguration;
			baseConfigurationReference = 2AC24D2D431D4A11B243E1B1 /* Pods-nbkr-ios.xcconfig */;
			buildSettings = {
				ASSETCATALOG_COMPILER_APPICON_NAME = AppIcon;
				ASSETCATALOG_COMPILER_LAUNCHIMAGE_NAME = LaunchImage;
				GCC_PRECOMPILE_PREFIX_HEADER = YES;
				GCC_PREFIX_HEADER = "nbkr-ios/nbkr-ios-Prefix.pch";
				INFOPLIST_FILE = "nbkr-ios/nbkr-ios-Info.plist";
				PRODUCT_NAME = "$(TARGET_NAME)";
				WRAPPER_EXTENSION = app;
			};
			name = Debug;
		};
		EE5B3724185CB67C00B3045A /* Release */ = {
			isa = XCBuildConfiguration;
			baseConfigurationReference = 2AC24D2D431D4A11B243E1B1 /* Pods-nbkr-ios.xcconfig */;
			buildSettings = {
				ASSETCATALOG_COMPILER_APPICON_NAME = AppIcon;
				ASSETCATALOG_COMPILER_LAUNCHIMAGE_NAME = LaunchImage;
				GCC_PRECOMPILE_PREFIX_HEADER = YES;
				GCC_PREFIX_HEADER = "nbkr-ios/nbkr-ios-Prefix.pch";
				INFOPLIST_FILE = "nbkr-ios/nbkr-ios-Info.plist";
				PRODUCT_NAME = "$(TARGET_NAME)";
				WRAPPER_EXTENSION = app;
			};
			name = Release;
		};
		EE5B3726185CB67C00B3045A /* Debug */ = {
			isa = XCBuildConfiguration;
			baseConfigurationReference = 547BEEE406174DBD855B1E8A /* Pods-nbkr-iosTests.xcconfig */;
			buildSettings = {
				ARCHS = "$(ARCHS_STANDARD_INCLUDING_64_BIT)";
				BUNDLE_LOADER = "$(BUILT_PRODUCTS_DIR)/nbkr-ios.app/nbkr-ios";
				FRAMEWORK_SEARCH_PATHS = (
					"$(SDKROOT)/Developer/Library/Frameworks",
					"$(inherited)",
					"$(DEVELOPER_FRAMEWORKS_DIR)",
				);
				GCC_PRECOMPILE_PREFIX_HEADER = YES;
				GCC_PREFIX_HEADER = "nbkr-ios/nbkr-ios-Prefix.pch";
				GCC_PREPROCESSOR_DEFINITIONS = (
					"DEBUG=1",
					"$(inherited)",
				);
				INFOPLIST_FILE = "nbkr-iosTests/nbkr-iosTests-Info.plist";
				PRODUCT_NAME = "$(TARGET_NAME)";
				TEST_HOST = "$(BUNDLE_LOADER)";
				WRAPPER_EXTENSION = xctest;
			};
			name = Debug;
		};
		EE5B3727185CB67C00B3045A /* Release */ = {
			isa = XCBuildConfiguration;
			baseConfigurationReference = 547BEEE406174DBD855B1E8A /* Pods-nbkr-iosTests.xcconfig */;
			buildSettings = {
				ARCHS = "$(ARCHS_STANDARD_INCLUDING_64_BIT)";
				BUNDLE_LOADER = "$(BUILT_PRODUCTS_DIR)/nbkr-ios.app/nbkr-ios";
				FRAMEWORK_SEARCH_PATHS = (
					"$(SDKROOT)/Developer/Library/Frameworks",
					"$(inherited)",
					"$(DEVELOPER_FRAMEWORKS_DIR)",
				);
				GCC_PRECOMPILE_PREFIX_HEADER = YES;
				GCC_PREFIX_HEADER = "nbkr-ios/nbkr-ios-Prefix.pch";
				INFOPLIST_FILE = "nbkr-iosTests/nbkr-iosTests-Info.plist";
				PRODUCT_NAME = "$(TARGET_NAME)";
				TEST_HOST = "$(BUNDLE_LOADER)";
				WRAPPER_EXTENSION = xctest;
			};
			name = Release;
		};
/* End XCBuildConfiguration section */

/* Begin XCConfigurationList section */
		EE5B36EB185CB67C00B3045A /* Build configuration list for PBXProject "nbkr-ios" */ = {
			isa = XCConfigurationList;
			buildConfigurations = (
				EE5B3720185CB67C00B3045A /* Debug */,
				EE5B3721185CB67C00B3045A /* Release */,
			);
			defaultConfigurationIsVisible = 0;
			defaultConfigurationName = Release;
		};
		EE5B3722185CB67C00B3045A /* Build configuration list for PBXNativeTarget "nbkr-ios" */ = {
			isa = XCConfigurationList;
			buildConfigurations = (
				EE5B3723185CB67C00B3045A /* Debug */,
				EE5B3724185CB67C00B3045A /* Release */,
			);
			defaultConfigurationIsVisible = 0;
			defaultConfigurationName = Release;
		};
		EE5B3725185CB67C00B3045A /* Build configuration list for PBXNativeTarget "nbkr-iosTests" */ = {
			isa = XCConfigurationList;
			buildConfigurations = (
				EE5B3726185CB67C00B3045A /* Debug */,
				EE5B3727185CB67C00B3045A /* Release */,
			);
			defaultConfigurationIsVisible = 0;
			defaultConfigurationName = Release;
		};
/* End XCConfigurationList section */
	};
	rootObject = EE5B36E8185CB67C00B3045A /* Project object */;
}
